
Microsoft Visual Studio Solution File, Format Version 12.00
# Visual Studio 15
VisualStudioVersion = 15.0.28307.645
MinimumVisualStudioVersion = 10.0.40219.1
Project("{FAE04EC0-301F-11D3-BF4B-00C04F79EFBC}") = "CacheController", "CacheController\CacheController.csproj", "{C2CBA8AA-971D-46B4-B506-E6A0CA54AF58}"
EndProject
Global
	GlobalSection(SolutionConfigurationPlatforms) = preSolution
		Debug|Any CPU = Debug|Any CPU
		Release|Any CPU = Release|Any CPU
	EndGlobalSection
	GlobalSection(ProjectConfigurationPlatforms) = postSolution
		{C2CBA8AA-971D-46B4-B506-E6A0CA54AF58}.Debug|Any CPU.ActiveCfg = Debug|Any CPU
		{C2CBA8AA-971D-46B4-B506-E6A0CA54AF58}.Debug|Any CPU.Build.0 = Debug|Any CPU
		{C2CBA8AA-971D-46B4-B506-E6A0CA54AF58}.Release|Any CPU.ActiveCfg = Release|Any CPU
		{C2CBA8AA-971D-46B4-B506-E6A0CA54AF58}.Release|Any CPU.Build.0 = Release|Any CPU
	EndGlobalSection
	GlobalSection(SolutionProperties) = preSolution
		HideSolutionNode = FALSE
	EndGlobalSection
	GlobalSection(ExtensibilityGlobals) = postSolution
		SolutionGuid = {43D375FE-7636-4030-BF0E-A0D005C01029}
	EndGlobalSection
EndGlobal
